
Microsoft Visual Studio Solution File, Format Version 12.00
# Visual Studio Version 17
VisualStudioVersion = 17.4.33110.190
MinimumVisualStudioVersion = 10.0.40219.1
Project("{FAE04EC0-301F-11D3-BF4B-00C04F79EFBC}") = "KmBeregner2", "KmBeregner2\KmBeregner2.csproj", "{46460F99-9469-4D42-9A8E-DF776E4086CF}"
EndProject
Project("{FAE04EC0-301F-11D3-BF4B-00C04F79EFBC}") = "KørselsfradagsTests", "KørselsfradagsTests\KørselsfradagsTests.csproj", "{928792C0-7383-4139-8611-FDED06D495B2}"
EndProject
Global
	GlobalSection(SolutionConfigurationPlatforms) = preSolution
		Debug|Any CPU = Debug|Any CPU
		Release|Any CPU = Release|Any CPU
	EndGlobalSection
	GlobalSection(ProjectConfigurationPlatforms) = postSolution
		{46460F99-9469-4D42-9A8E-DF776E4086CF}.Debug|Any CPU.ActiveCfg = Debug|Any CPU
		{46460F99-9469-4D42-9A8E-DF776E4086CF}.Debug|Any CPU.Build.0 = Debug|Any CPU
		{46460F99-9469-4D42-9A8E-DF776E4086CF}.Release|Any CPU.ActiveCfg = Release|Any CPU
		{46460F99-9469-4D42-9A8E-DF776E4086CF}.Release|Any CPU.Build.0 = Release|Any CPU
		{928792C0-7383-4139-8611-FDED06D495B2}.Debug|Any CPU.ActiveCfg = Debug|Any CPU
		{928792C0-7383-4139-8611-FDED06D495B2}.Debug|Any CPU.Build.0 = Debug|Any CPU
		{928792C0-7383-4139-8611-FDED06D495B2}.Release|Any CPU.ActiveCfg = Release|Any CPU
		{928792C0-7383-4139-8611-FDED06D495B2}.Release|Any CPU.Build.0 = Release|Any CPU
	EndGlobalSection
	GlobalSection(SolutionProperties) = preSolution
		HideSolutionNode = FALSE
	EndGlobalSection
	GlobalSection(ExtensibilityGlobals) = postSolution
		SolutionGuid = {D9F87A7B-2651-4B67-936B-978E8626AA5A}
	EndGlobalSection
EndGlobal
